
Microsoft Visual Studio Solution File, Format Version 12.00
# Visual Studio 15
VisualStudioVersion = 15.0.28307.779
MinimumVisualStudioVersion = 10.0.40219.1
Project("{FAE04EC0-301F-11D3-BF4B-00C04F79EFBC}") = "Semana05", "Semana05\Semana05.csproj", "{F21BAF9C-A003-4470-B6BF-5BA74A53CA99}"
EndProject
Project("{FAE04EC0-301F-11D3-BF4B-00C04F79EFBC}") = "Business", "Business\Business.csproj", "{16FEAE5A-E0D1-4963-BC03-910C071FED77}"
EndProject
Project("{FAE04EC0-301F-11D3-BF4B-00C04F79EFBC}") = "Data", "Data\Data.csproj", "{38274B7E-61F2-4786-B8E8-B92169189ABC}"
EndProject
Project("{FAE04EC0-301F-11D3-BF4B-00C04F79EFBC}") = "Entity", "Entity\Entity.csproj", "{E67A593A-CCAA-49AC-977A-6FC8585796FE}"
EndProject
Global
	GlobalSection(SolutionConfigurationPlatforms) = preSolution
		Debug|Any CPU = Debug|Any CPU
		Release|Any CPU = Release|Any CPU
	EndGlobalSection
	GlobalSection(ProjectConfigurationPlatforms) = postSolution
		{F21BAF9C-A003-4470-B6BF-5BA74A53CA99}.Debug|Any CPU.ActiveCfg = Debug|Any CPU
		{F21BAF9C-A003-4470-B6BF-5BA74A53CA99}.Debug|Any CPU.Build.0 = Debug|Any CPU
		{F21BAF9C-A003-4470-B6BF-5BA74A53CA99}.Release|Any CPU.ActiveCfg = Release|Any CPU
		{F21BAF9C-A003-4470-B6BF-5BA74A53CA99}.Release|Any CPU.Build.0 = Release|Any CPU
		{16FEAE5A-E0D1-4963-BC03-910C071FED77}.Debug|Any CPU.ActiveCfg = Debug|Any CPU
		{16FEAE5A-E0D1-4963-BC03-910C071FED77}.Debug|Any CPU.Build.0 = Debug|Any CPU
		{16FEAE5A-E0D1-4963-BC03-910C071FED77}.Release|Any CPU.ActiveCfg = Release|Any CPU
		{16FEAE5A-E0D1-4963-BC03-910C071FED77}.Release|Any CPU.Build.0 = Release|Any CPU
		{38274B7E-61F2-4786-B8E8-B92169189ABC}.Debug|Any CPU.ActiveCfg = Debug|Any CPU
		{38274B7E-61F2-4786-B8E8-B92169189ABC}.Debug|Any CPU.Build.0 = Debug|Any CPU
		{38274B7E-61F2-4786-B8E8-B92169189ABC}.Release|Any CPU.ActiveCfg = Release|Any CPU
		{38274B7E-61F2-4786-B8E8-B92169189ABC}.Release|Any CPU.Build.0 = Release|Any CPU
		{E67A593A-CCAA-49AC-977A-6FC8585796FE}.Debug|Any CPU.ActiveCfg = Debug|Any CPU
		{E67A593A-CCAA-49AC-977A-6FC8585796FE}.Debug|Any CPU.Build.0 = Debug|Any CPU
		{E67A593A-CCAA-49AC-977A-6FC8585796FE}.Release|Any CPU.ActiveCfg = Release|Any CPU
		{E67A593A-CCAA-49AC-977A-6FC8585796FE}.Release|Any CPU.Build.0 = Release|Any CPU
	EndGlobalSection
	GlobalSection(SolutionProperties) = preSolution
		HideSolutionNode = FALSE
	EndGlobalSection
	GlobalSection(ExtensibilityGlobals) = postSolution
		SolutionGuid = {C1BA32A3-BCA8-40A4-8FCC-B0A1A270CDBA}
	EndGlobalSection
EndGlobal
